
Microsoft Visual Studio Solution File, Format Version 12.00
# Visual Studio Version 17
VisualStudioVersion = 17.14.36603.0 d17.14
MinimumVisualStudioVersion = 10.0.40219.1
Project("{FAE04EC0-301F-11D3-BF4B-00C04F79EFBC}") = "FoodDeliveryPolaris", "FoodDeliveryPolaris.csproj", "{CF997963-7B93-427E-B897-2D1EBED2C966}"
EndProject
Global
	GlobalSection(SolutionConfigurationPlatforms) = preSolution
		Debug|Any CPU = Debug|Any CPU
		Release|Any CPU = Release|Any CPU
	EndGlobalSection
	GlobalSection(ProjectConfigurationPlatforms) = postSolution
		{CF997963-7B93-427E-B897-2D1EBED2C966}.Debug|Any CPU.ActiveCfg = Debug|Any CPU
		{CF997963-7B93-427E-B897-2D1EBED2C966}.Debug|Any CPU.Build.0 = Debug|Any CPU
		{CF997963-7B93-427E-B897-2D1EBED2C966}.Release|Any CPU.ActiveCfg = Release|Any CPU
		{CF997963-7B93-427E-B897-2D1EBED2C966}.Release|Any CPU.Build.0 = Release|Any CPU
	EndGlobalSection
	GlobalSection(SolutionProperties) = preSolution
		HideSolutionNode = FALSE
	EndGlobalSection
	GlobalSection(ExtensibilityGlobals) = postSolution
		SolutionGuid = {7A66457C-6685-4EEF-A9F6-C4B32605AF6C}
	EndGlobalSection
EndGlobal
